
Microsoft Visual Studio Solution File, Format Version 12.00
# Visual Studio 15
VisualStudioVersion = 15.0.28307.572
MinimumVisualStudioVersion = 10.0.40219.1
Project("{FAE04EC0-301F-11D3-BF4B-00C04F79EFBC}") = "ControleTarefas", "ControleTarefas\ControleTarefas.csproj", "{DE6F853D-A8A8-46BF-8AEB-B83930E76CED}"
EndProject
Global
	GlobalSection(SolutionConfigurationPlatforms) = preSolution
		Debug|Any CPU = Debug|Any CPU
		Release|Any CPU = Release|Any CPU
	EndGlobalSection
	GlobalSection(ProjectConfigurationPlatforms) = postSolution
		{DE6F853D-A8A8-46BF-8AEB-B83930E76CED}.Debug|Any CPU.ActiveCfg = Debug|Any CPU
		{DE6F853D-A8A8-46BF-8AEB-B83930E76CED}.Debug|Any CPU.Build.0 = Debug|Any CPU
		{DE6F853D-A8A8-46BF-8AEB-B83930E76CED}.Release|Any CPU.ActiveCfg = Release|Any CPU
		{DE6F853D-A8A8-46BF-8AEB-B83930E76CED}.Release|Any CPU.Build.0 = Release|Any CPU
	EndGlobalSection
	GlobalSection(SolutionProperties) = preSolution
		HideSolutionNode = FALSE
	EndGlobalSection
	GlobalSection(ExtensibilityGlobals) = postSolution
		SolutionGuid = {5A2360B9-3C90-440B-AD2E-DA7EC35EB905}
	EndGlobalSection
EndGlobal
